// !$*UTF8*$!
{
	archiveVersion = 1;
	classes = {
	};
	objectVersion = 50;
	objects = {

/* Begin PBXBuildFile section */
		B582CD24245E7166001CE2F5 /* AppDelegate.swift in Sources */ = {isa = PBXBuildFile; fileRef = B582CD23245E7166001CE2F5 /* AppDelegate.swift */; };
		B582CD26245E7166001CE2F5 /* SceneDelegate.swift in Sources */ = {isa = PBXBuildFile; fileRef = B582CD25245E7166001CE2F5 /* SceneDelegate.swift */; };
		B582CD28245E7166001CE2F5 /* ViewController.swift in Sources */ = {isa = PBXBuildFile; fileRef = B582CD27245E7166001CE2F5 /* ViewController.swift */; };
		B582CD2B245E7166001CE2F5 /* Main.storyboard in Resources */ = {isa = PBXBuildFile; fileRef = B582CD29245E7166001CE2F5 /* Main.storyboard */; };
		B582CD2D245E716A001CE2F5 /* Assets.xcassets in Resources */ = {isa = PBXBuildFile; fileRef = B582CD2C245E716A001CE2F5 /* Assets.xcassets */; };
		B582CD30245E716A001CE2F5 /* LaunchScreen.storyboard in Resources */ = {isa = PBXBuildFile; fileRef = B582CD2E245E716A001CE2F5 /* LaunchScreen.storyboard */; };
		B596BFBF2463F6CE00BAF21B /* Question.swift in Sources */ = {isa = PBXBuildFile; fileRef = B596BFBE2463F6CE00BAF21B /* Question.swift */; };
		B596BFC12463F7EC00BAF21B /* QuestionBank.swift in Sources */ = {isa = PBXBuildFile; fileRef = B596BFC02463F7EC00BAF21B /* QuestionBank.swift */; };
/* End PBXBuildFile section */

/* Begin PBXFileReference section */
		B582CD20245E7166001CE2F5 /* FunWithFlag.app */ = {isa = PBXFileReference; explicitFileType = wrapper.application; includeInIndex = 0; path = FunWithFlag.app; sourceTree = BUILT_PRODUCTS_DIR; };
		B582CD23245E7166001CE2F5 /* AppDelegate.swift */ = {isa = PBXFileReference; lastKnownFileType = sourcecode.swift; path = AppDelegate.swift; sourceTree = "<group>"; };
		B582CD25245E7166001CE2F5 /* SceneDelegate.swift */ = {isa = PBXFileReference; lastKnownFileType = sourcecode.swift; path = SceneDelegate.swift; sourceTree = "<group>"; };
		B582CD27245E7166001CE2F5 /* ViewController.swift */ = {isa = PBXFileReference; lastKnownFileType = sourcecode.swift; path = ViewController.swift; sourceTree = "<group>"; };
		B582CD2A245E7166001CE2F5 /* Base */ = {isa = PBXFileReference; lastKnownFileType = file.storyboard; name = Base; path = Base.lproj/Main.storyboard; sourceTree = "<group>"; };
		B582CD2C245E716A001CE2F5 /* Assets.xcassets */ = {isa = PBXFileReference; lastKnownFileType = folder.assetcatalog; path = Assets.xcassets; sourceTree = "<group>"; };
		B582CD2F245E716A001CE2F5 /* Base */ = {isa = PBXFileReference; lastKnownFileType = file.storyboard; name = Base; path = Base.lproj/LaunchScreen.storyboard; sourceTree = "<group>"; };
		B582CD31245E716A001CE2F5 /* Info.plist */ = {isa = PBXFileReference; lastKnownFileType = text.plist.xml; path = Info.plist; sourceTree = "<group>"; };
		B596BFBE2463F6CE00BAF21B /* Question.swift */ = {isa = PBXFileReference; lastKnownFileType = sourcecode.swift; path = Question.swift; sourceTree = "<group>"; };
		B596BFC02463F7EC00BAF21B /* QuestionBank.swift */ = {isa = PBXFileReference; lastKnownFileType = sourcecode.swift; path = QuestionBank.swift; sourceTree = "<group>"; };
/* End PBXFileReference section */

/* Begin PBXFrameworksBuildPhase section */
		B582CD1D245E7166001CE2F5 /* Frameworks */ = {
			isa = PBXFrameworksBuildPhase;
			buildActionMask = 2147483647;
			files = (
			);
			runOnlyForDeploymentPostprocessing = 0;
		};
/* End PBXFrameworksBuildPhase section */

/* Begin PBXGroup section */
		B582CD17245E7166001CE2F5 = {
			isa = PBXGroup;
			children = (
				B582CD22245E7166001CE2F5 /* FunWithFlag */,
				B582CD21245E7166001CE2F5 /* Products */,
			);
			sourceTree = "<group>";
		};
		B582CD21245E7166001CE2F5 /* Products */ = {
			isa = PBXGroup;
			children = (
				B582CD20245E7166001CE2F5 /* FunWithFlag.app */,
			);
			name = Products;
			sourceTree = "<group>";
		};
		B582CD22245E7166001CE2F5 /* FunWithFlag */ = {
			isa = PBXGroup;
			children = (
				B596BFBD2463F6BF00BAF21B /* Model */,
				B582CD37245E7AE0001CE2F5 /* Controller */,
				B582CD25245E7166001CE2F5 /* SceneDelegate.swift */,
				B582CD38245E7AF9001CE2F5 /* View */,
				B582CD39245E7B14001CE2F5 /* Supporting Files */,
			);
			path = FunWithFlag;
			sourceTree = "<group>";
		};
		B582CD37245E7AE0001CE2F5 /* Controller */ = {
			isa = PBXGroup;
			children = (
				B582CD23245E7166001CE2F5 /* AppDelegate.swift */,
				B582CD27245E7166001CE2F5 /* ViewController.swift */,
			);
			path = Controller;
			sourceTree = "<group>";
		};
		B582CD38245E7AF9001CE2F5 /* View */ = {
			isa = PBXGroup;
			children = (
				B582CD29245E7166001CE2F5 /* Main.storyboard */,
				B582CD2C245E716A001CE2F5 /* Assets.xcassets */,
			);
			path = View;
			sourceTree = "<group>";
		};
		B582CD39245E7B14001CE2F5 /* Supporting Files */ = {
			isa = PBXGroup;
			children = (
				B582CD2E245E716A001CE2F5 /* LaunchScreen.storyboard */,
				B582CD31245E716A001CE2F5 /* Info.plist */,
			);
			path = "Supporting Files";
			sourceTree = "<group>";
		};
		B596BFBD2463F6BF00BAF21B /* Model */ = {
			isa = PBXGroup;
			children = (
				B596BFBE2463F6CE00BAF21B /* Question.swift */,
				B596BFC02463F7EC00BAF21B /* QuestionBank.swift */,
			);
			path = Model;
			sourceTree = "<group>";
		};
/* End PBXGroup section */

/* Begin PBXNativeTarget section */
		B582CD1F245E7166001CE2F5 /* FunWithFlag */ = {
			isa = PBXNativeTarget;
			buildConfigurationList = B582CD34245E716A001CE2F5 /* Build configuration list for PBXNativeTarget "FunWithFlag" */;
			buildPhases = (
				B582CD1C245E7166001CE2F5 /* Sources */,
				B582CD1D245E7166001CE2F5 /* Frameworks */,
				B582CD1E245E7166001CE2F5 /* Resources */,
			);
			buildRules = (
			);
			dependencies = (
			);
			name = FunWithFlag;
			productName = FunWithFlag;
			productReference = B582CD20245E7166001CE2F5 /* FunWithFlag.app */;
			productType = "com.apple.product-type.application";
		};
/* End PBXNativeTarget section */

/* Begin PBXProject section */
		B582CD18245E7166001CE2F5 /* Project object */ = {
			isa = PBXProject;
			attributes = {
				LastSwiftUpdateCheck = 1130;
				LastUpgradeCheck = 1130;
				ORGANIZATIONNAME = CreatesApp;
				TargetAttributes = {
					B582CD1F245E7166001CE2F5 = {
						CreatedOnToolsVersion = 11.3.1;
					};
				};
			};
			buildConfigurationList = B582CD1B245E7166001CE2F5 /* Build configuration list for PBXProject "FunWithFlag" */;
			compatibilityVersion = "Xcode 9.3";
			developmentRegion = en;
			hasScannedForEncodings = 0;
			knownRegions = (
				en,
				Base,
			);
			mainGroup = B582CD17245E7166001CE2F5;
			productRefGroup = B582CD21245E7166001CE2F5 /* Products */;
			projectDirPath = "";
			projectRoot = "";
			targets = (
				B582CD1F245E7166001CE2F5 /* FunWithFlag */,
			);
		};
/* End PBXProject section */

/* Begin PBXResourcesBuildPhase section */
		B582CD1E245E7166001CE2F5 /* Resources */ = {
			isa = PBXResourcesBuildPhase;
			buildActionMask = 2147483647;
			files = (
				B582CD30245E716A001CE2F5 /* LaunchScreen.storyboard in Resources */,
				B582CD2D245E716A001CE2F5 /* Assets.xcassets in Resources */,
				B582CD2B245E7166001CE2F5 /* Main.storyboard in Resources */,
			);
			runOnlyForDeploymentPostprocessing = 0;
		};
/* End PBXResourcesBuildPhase section */

/* Begin PBXSourcesBuildPhase section */
		B582CD1C245E7166001CE2F5 /* Sources */ = {
			isa = PBXSourcesBuildPhase;
			buildActionMask = 2147483647;
			files = (
				B582CD28245E7166001CE2F5 /* ViewController.swift in Sources */,
				B596BFBF2463F6CE00BAF21B /* Question.swift in Sources */,
				B582CD24245E7166001CE2F5 /* AppDelegate.swift in Sources */,
				B596BFC12463F7EC00BAF21B /* QuestionBank.swift in Sources */,
				B582CD26245E7166001CE2F5 /* SceneDelegate.swift in Sources */,
			);
			runOnlyForDeploymentPostprocessing = 0;
		};
/* End PBXSourcesBuildPhase section */

/* Begin PBXVariantGroup section */
		B582CD29245E7166001CE2F5 /* Main.storyboard */ = {
			isa = PBXVariantGroup;
			children = (
				B582CD2A245E7166001CE2F5 /* Base */,
			);
			name = Main.storyboard;
			sourceTree = "<group>";
		};
		B582CD2E245E716A001CE2F5 /* LaunchScreen.storyboard */ = {
			isa = PBXVariantGroup;
			children = (
				B582CD2F245E716A001CE2F5 /* Base */,
			);
			name = LaunchScreen.storyboard;
			sourceTree = "<group>";
		};
/* End PBXVariantGroup section */

/* Begin XCBuildConfiguration section */
		B582CD32245E716A001CE2F5 /* Debug */ = {
			isa = XCBuildConfiguration;
			buildSettings = {
				ALWAYS_SEARCH_USER_PATHS = NO;
				CLANG_ANALYZER_NONNULL = YES;
				CLANG_ANALYZER_NUMBER_OBJECT_CONVERSION = YES_AGGRESSIVE;
				CLANG_CXX_LANGUAGE_STANDARD = "gnu++14";
				CLANG_CXX_LIBRARY = "libc++";
				CLANG_ENABLE_MODULES = YES;
				CLANG_ENABLE_OBJC_ARC = YES;
				CLANG_ENABLE_OBJC_WEAK = YES;
				CLANG_WARN_BLOCK_CAPTURE_AUTORELEASING = YES;
				CLANG_WARN_BOOL_CONVERSION = YES;
				CLANG_WARN_COMMA = YES;
				CLANG_WARN_CONSTANT_CONVERSION = YES;
				CLANG_WARN_DEPRECATED_OBJC_IMPLEMENTATIONS = YES;
				CLANG_WARN_DIRECT_OBJC_ISA_USAGE = YES_ERROR;
				CLANG_WARN_DOCUMENTATION_COMMENTS = YES;
				CLANG_WARN_EMPTY_BODY = YES;
				CLANG_WARN_ENUM_CONVERSION = YES;
				CLANG_WARN_INFINITE_RECURSION = YES;
				CLANG_WARN_INT_CONVERSION = YES;
				CLANG_WARN_NON_LITERAL_NULL_CONVERSION = YES;
				CLANG_WARN_OBJC_IMPLICIT_RETAIN_SELF = YES;
				CLANG_WARN_OBJC_LITERAL_CONVERSION = YES;
				CLANG_WARN_OBJC_ROOT_CLASS = YES_ERROR;
				CLANG_WARN_RANGE_LOOP_ANALYSIS = YES;
				CLANG_WARN_STRICT_PROTOTYPES = YES;
				CLANG_WARN_SUSPICIOUS_MOVE = YES;
				CLANG_WARN_UNGUARDED_AVAILABILITY = YES_AGGRESSIVE;
				CLANG_WARN_UNREACHABLE_CODE = YES;
				CLANG_WARN__DUPLICATE_METHOD_MATCH = YES;
				COPY_PHASE_STRIP = NO;
				DEBUG_INFORMATION_FORMAT = dwarf;
				ENABLE_STRICT_OBJC_MSGSEND = YES;
				ENABLE_TESTABILITY = YES;
				GCC_C_LANGUAGE_STANDARD = gnu11;
				GCC_DYNAMIC_NO_PIC = NO;
				GCC_NO_COMMON_BLOCKS = YES;
				GCC_OPTIMIZATION_LEVEL = 0;
				GCC_PREPROCESSOR_DEFINITIONS = (
					"DEBUG=1",
					"$(inherited)",
				);
				GCC_WARN_64_TO_32_BIT_CONVERSION = YES;
				GCC_WARN_ABOUT_RETURN_TYPE = YES_ERROR;
				GCC_WARN_UNDECLARED_SELECTOR = YES;
				GCC_WARN_UNINITIALIZED_AUTOS = YES_AGGRESSIVE;
				GCC_WARN_UNUSED_FUNCTION = YES;
				GCC_WARN_UNUSED_VARIABLE = YES;
				IPHONEOS_DEPLOYMENT_TARGET = 13.2;
				MTL_ENABLE_DEBUG_INFO = INCLUDE_SOURCE;
				MTL_FAST_MATH = YES;
				ONLY_ACTIVE_ARCH = YES;
				SDKROOT = iphoneos;
				SWIFT_ACTIVE_COMPILATION_CONDITIONS = DEBUG;
				SWIFT_OPTIMIZATION_LEVEL = "-Onone";
			};
			name = Debug;
		};
		B582CD33245E716A001CE2F5 /* Release */ = {
			isa = XCBuildConfiguration;
			buildSettings = {
				ALWAYS_SEARCH_USER_PATHS = NO;
				CLANG_ANALYZER_NONNULL = YES;
				CLANG_ANALYZER_NUMBER_OBJECT_CONVERSION = YES_AGGRESSIVE;
				CLANG_CXX_LANGUAGE_STANDARD = "gnu++14";
				CLANG_CXX_LIBRARY = "libc++";
				CLANG_ENABLE_MODULES = YES;
				CLANG_ENABLE_OBJC_ARC = YES;
				CLANG_ENABLE_OBJC_WEAK = YES;
				CLANG_WARN_BLOCK_CAPTURE_AUTORELEASING = YES;
				CLANG_WARN_BOOL_CONVERSION = YES;
				CLANG_WARN_COMMA = YES;
				CLANG_WARN_CONSTANT_CONVERSION = YES;
				CLANG_WARN_DEPRECATED_OBJC_IMPLEMENTATIONS = YES;
				CLANG_WARN_DIRECT_OBJC_ISA_USAGE = YES_ERROR;
				CLANG_WARN_DOCUMENTATION_COMMENTS = YES;
				CLANG_WARN_EMPTY_BODY = YES;
				CLANG_WARN_ENUM_CONVERSION = YES;
				CLANG_WARN_INFINITE_RECURSION = YES;
				CLANG_WARN_INT_CONVERSION = YES;
				CLANG_WARN_NON_LITERAL_NULL_CONVERSION = YES;
				CLANG_WARN_OBJC_IMPLICIT_RETAIN_SELF = YES;
				CLANG_WARN_OBJC_LITERAL_CONVERSION = YES;
				CLANG_WARN_OBJC_ROOT_CLASS = YES_ERROR;
				CLANG_WARN_RANGE_LOOP_ANALYSIS = YES;
				CLANG_WARN_STRICT_PROTOTYPES = YES;
				CLANG_WARN_SUSPICIOUS_MOVE = YES;
				CLANG_WARN_UNGUARDED_AVAILABILITY = YES_AGGRESSIVE;
				CLANG_WARN_UNREACHABLE_CODE = YES;
				CLANG_WARN__DUPLICATE_METHOD_MATCH = YES;
				COPY_PHASE_STRIP = NO;
				DEBUG_INFORMATION_FORMAT = "dwarf-with-dsym";
				ENABLE_NS_ASSERTIONS = NO;
				ENABLE_STRICT_OBJC_MSGSEND = YES;
				GCC_C_LANGUAGE_STANDARD = gnu11;
				GCC_NO_COMMON_BLOCKS = YES;
				GCC_WARN_64_TO_32_BIT_CONVERSION = YES;
				GCC_WARN_ABOUT_RETURN_TYPE = YES_ERROR;
				GCC_WARN_UNDECLARED_SELECTOR = YES;
				GCC_WARN_UNINITIALIZED_AUTOS = YES_AGGRESSIVE;
				GCC_WARN_UNUSED_FUNCTION = YES;
				GCC_WARN_UNUSED_VARIABLE = YES;
				IPHONEOS_DEPLOYMENT_TARGET = 13.2;
				MTL_ENABLE_DEBUG_INFO = NO;
				MTL_FAST_MATH = YES;
				SDKROOT = iphoneos;
				SWIFT_COMPILATION_MODE = wholemodule;
				SWIFT_OPTIMIZATION_LEVEL = "-O";
				VALIDATE_PRODUCT = YES;
			};
			name = Release;
		};
		B582CD35245E716A001CE2F5 /* Debug */ = {
			isa = XCBuildConfiguration;
			buildSettings = {
				ASSETCATALOG_COMPILER_APPICON_NAME = AppIcon;
				CODE_SIGN_STYLE = Automatic;
				CURRENT_PROJECT_VERSION = 1;
				DEVELOPMENT_TEAM = 84W8QG5399;
				INFOPLIST_FILE = "$(SRCROOT)/FunWithFlag/Supporting Files/Info.plist";
				LD_RUNPATH_SEARCH_PATHS = (
					"$(inherited)",
					"@executable_path/Frameworks",
				);
				MARKETING_VERSION = 1.0;
				PRODUCT_BUNDLE_IDENTIFIER = com.createsapp.FunWithFlag;
				PRODUCT_NAME = "$(TARGET_NAME)";
				SWIFT_VERSION = 5.0;
				TARGETED_DEVICE_FAMILY = 1;
			};
			name = Debug;
		};
		B582CD36245E716A001CE2F5 /* Release */ = {
			isa = XCBuildConfiguration;
			buildSettings = {
				ASSETCATALOG_COMPILER_APPICON_NAME = AppIcon;
				CODE_SIGN_STYLE = Automatic;
				CURRENT_PROJECT_VERSION = 1;
				DEVELOPMENT_TEAM = 84W8QG5399;
				INFOPLIST_FILE = "$(SRCROOT)/FunWithFlag/Supporting Files/Info.plist";
				LD_RUNPATH_SEARCH_PATHS = (
					"$(inherited)",
					"@executable_path/Frameworks",
				);
				MARKETING_VERSION = 1.0;
				PRODUCT_BUNDLE_IDENTIFIER = com.createsapp.FunWithFlag;
				PRODUCT_NAME = "$(TARGET_NAME)";
				SWIFT_VERSION = 5.0;
				TARGETED_DEVICE_FAMILY = 1;
			};
			name = Release;
		};
/* End XCBuildConfiguration section */

/* Begin XCConfigurationList section */
		B582CD1B245E7166001CE2F5 /* Build configuration list for PBXProject "FunWithFlag" */ = {
			isa = XCConfigurationList;
			buildConfigurations = (
				B582CD32245E716A001CE2F5 /* Debug */,
				B582CD33245E716A001CE2F5 /* Release */,
			);
			defaultConfigurationIsVisible = 0;
			defaultConfigurationName = Release;
		};
		B582CD34245E716A001CE2F5 /* Build configuration list for PBXNativeTarget "FunWithFlag" */ = {
			isa = XCConfigurationList;
			buildConfigurations = (
				B582CD35245E716A001CE2F5 /* Debug */,
				B582CD36245E716A001CE2F5 /* Release */,
			);
			defaultConfigurationIsVisible = 0;
			defaultConfigurationName = Release;
		};
/* End XCConfigurationList section */
	};
	rootObject = B582CD18245E7166001CE2F5 /* Project object */;
}
